
Microsoft Visual Studio Solution File, Format Version 12.00
# Visual Studio Version 17
VisualStudioVersion = 17.1.32210.238
MinimumVisualStudioVersion = 10.0.40219.1
Project("{FAE04EC0-301F-11D3-BF4B-00C04F79EFBC}") = "inlämnings uppgift1", "inlämnings uppgift1\inlämnings uppgift1.csproj", "{1F99C11E-FE04-4BAB-B73C-E16F95AF1AFA}"
EndProject
Global
	GlobalSection(SolutionConfigurationPlatforms) = preSolution
		Debug|Any CPU = Debug|Any CPU
		Release|Any CPU = Release|Any CPU
	EndGlobalSection
	GlobalSection(ProjectConfigurationPlatforms) = postSolution
		{1F99C11E-FE04-4BAB-B73C-E16F95AF1AFA}.Debug|Any CPU.ActiveCfg = Debug|Any CPU
		{1F99C11E-FE04-4BAB-B73C-E16F95AF1AFA}.Debug|Any CPU.Build.0 = Debug|Any CPU
		{1F99C11E-FE04-4BAB-B73C-E16F95AF1AFA}.Release|Any CPU.ActiveCfg = Release|Any CPU
		{1F99C11E-FE04-4BAB-B73C-E16F95AF1AFA}.Release|Any CPU.Build.0 = Release|Any CPU
	EndGlobalSection
	GlobalSection(SolutionProperties) = preSolution
		HideSolutionNode = FALSE
	EndGlobalSection
	GlobalSection(ExtensibilityGlobals) = postSolution
		SolutionGuid = {F79DF45B-D2DC-4416-8419-8C5CADF80284}
	EndGlobalSection
EndGlobal
